
Microsoft Visual Studio Solution File, Format Version 12.00
# Visual Studio Version 17
VisualStudioVersion = 17.0.31903.59
MinimumVisualStudioVersion = 10.0.40219.1
Project("{FAE04EC0-301F-11D3-BF4B-00C04F79EFBC}") = "Api", "Api\Api.csproj", "{3DC97AC0-384D-4E91-AC45-7B88CC5B5834}"
EndProject
Project("{FAE04EC0-301F-11D3-BF4B-00C04F79EFBC}") = "Domain", "Domain\Domain.csproj", "{A1A7D2A6-93BD-4085-8FEB-8D232CB3D729}"
EndProject
Project("{FAE04EC0-301F-11D3-BF4B-00C04F79EFBC}") = "Infra", "Infra\Infra.csproj", "{42227C12-28CC-4606-9975-ADDDD91DD33A}"
EndProject
Global
	GlobalSection(SolutionConfigurationPlatforms) = preSolution
		Debug|Any CPU = Debug|Any CPU
		Release|Any CPU = Release|Any CPU
	EndGlobalSection
	GlobalSection(SolutionProperties) = preSolution
		HideSolutionNode = FALSE
	EndGlobalSection
	GlobalSection(ProjectConfigurationPlatforms) = postSolution
		{3DC97AC0-384D-4E91-AC45-7B88CC5B5834}.Debug|Any CPU.ActiveCfg = Debug|Any CPU
		{3DC97AC0-384D-4E91-AC45-7B88CC5B5834}.Debug|Any CPU.Build.0 = Debug|Any CPU
		{3DC97AC0-384D-4E91-AC45-7B88CC5B5834}.Release|Any CPU.ActiveCfg = Release|Any CPU
		{3DC97AC0-384D-4E91-AC45-7B88CC5B5834}.Release|Any CPU.Build.0 = Release|Any CPU
		{A1A7D2A6-93BD-4085-8FEB-8D232CB3D729}.Debug|Any CPU.ActiveCfg = Debug|Any CPU
		{A1A7D2A6-93BD-4085-8FEB-8D232CB3D729}.Debug|Any CPU.Build.0 = Debug|Any CPU
		{A1A7D2A6-93BD-4085-8FEB-8D232CB3D729}.Release|Any CPU.ActiveCfg = Release|Any CPU
		{A1A7D2A6-93BD-4085-8FEB-8D232CB3D729}.Release|Any CPU.Build.0 = Release|Any CPU
		{42227C12-28CC-4606-9975-ADDDD91DD33A}.Debug|Any CPU.ActiveCfg = Debug|Any CPU
		{42227C12-28CC-4606-9975-ADDDD91DD33A}.Debug|Any CPU.Build.0 = Debug|Any CPU
		{42227C12-28CC-4606-9975-ADDDD91DD33A}.Release|Any CPU.ActiveCfg = Release|Any CPU
		{42227C12-28CC-4606-9975-ADDDD91DD33A}.Release|Any CPU.Build.0 = Release|Any CPU
	EndGlobalSection
EndGlobal
